
Microsoft Visual Studio Solution File, Format Version 12.00
# Visual Studio Version 16
VisualStudioVersion = 16.0.30011.22
MinimumVisualStudioVersion = 10.0.40219.1
Project("{2150E333-8FDC-42A3-9474-1A3956D46DE8}") = "src", "src", "{EEE603DF-657B-44C3-8699-7331E4310172}"
EndProject
Project("{2150E333-8FDC-42A3-9474-1A3956D46DE8}") = "tests", "tests", "{A6B99B2A-7473-4EF3-B62C-BFF54924AE8C}"
EndProject
Project("{2150E333-8FDC-42A3-9474-1A3956D46DE8}") = "DNSResolver", "DNSResolver", "{8921F9B5-87EA-4D98-9119-76C1C6CBAEE7}"
EndProject
Project("{9A19103F-16F7-4668-BE54-9A1E7A4F7556}") = "Azure.Web.Hiker.Core.DNSResolver", "src\Core\DNSResolver\Azure.Web.Hiker.Core.DNSResolver.csproj", "{0A1A7D90-8FBE-4B18-A6D2-61E7969E6F2A}"
EndProject
Project("{2150E333-8FDC-42A3-9474-1A3956D46DE8}") = "UbietyResolver", "UbietyResolver", "{537AD26A-E252-41D6-976A-3BBB5D2DF7B1}"
EndProject
Project("{9A19103F-16F7-4668-BE54-9A1E7A4F7556}") = "Azure.Web.Hiker.Core.DNSResolver.UbietyResolver", "src\Core\DNSResolver\UbietyResolver\Azure.Web.Hiker.Core.DNSResolver.UbietyResolver.csproj", "{BD25FB42-3250-4A46-AD57-7A73644AE81E}"
EndProject
Project("{2150E333-8FDC-42A3-9474-1A3956D46DE8}") = "ServiceFabricApplication", "ServiceFabricApplication", "{D33DEBD3-B875-45CC-8E79-2391E32ED792}"
EndProject
Project("{A07B5EB6-E848-4116-A8D0-A826331D98C6}") = "Azure.Web.Hiker.ServiceFabricApplication.Application", "src\ServiceFabricApplication\Azure.Web.Hiker.ServiceFabricApplication\Azure.Web.Hiker.ServiceFabricApplication.Application.sfproj", "{5F4DC7B8-2F99-4312-93B7-10B0A1798724}"
EndProject
Project("{9A19103F-16F7-4668-BE54-9A1E7A4F7556}") = "Azure.Web.Hiker.ServiceFabricApplication.CrawlingEngine", "src\ServiceFabricApplication\Azure.Web.Hiker.CrawlingEngine\Azure.Web.Hiker.ServiceFabricApplication.CrawlingEngine.csproj", "{1DD10155-A941-4B6E-B12D-CB1962E12831}"
EndProject
Project("{2150E333-8FDC-42A3-9474-1A3956D46DE8}") = "Core", "Core", "{D38B0B25-F916-4A4C-918E-F1834D759E3A}"
EndProject
Project("{2150E333-8FDC-42A3-9474-1A3956D46DE8}") = "Solution Items", "Solution Items", "{83EF85F7-7061-47AD-8B47-688A1DA0EE16}"
	ProjectSection(SolutionItems) = preProject
		.gitignore = .gitignore
		azure-pipelines.yml = azure-pipelines.yml
		LICENSE = LICENSE
		README.md = README.md
	EndProjectSection
EndProject
Project("{2150E333-8FDC-42A3-9474-1A3956D46DE8}") = "Persistence", "Persistence", "{0CF5924E-870F-4C78-893A-03E35E7DA70A}"
EndProject
Project("{9A19103F-16F7-4668-BE54-9A1E7A4F7556}") = "Azure.Web.Hiker.Infrastructure.Persistence.Dapper", "src\Infrastructure\Persistence\Azure.Web.Hiker.Infrastructure.Persistence.Dapper\Azure.Web.Hiker.Infrastructure.Persistence.Dapper.csproj", "{7C98017E-F1CD-4440-BF9D-2ED796C50647}"
EndProject
Project("{9A19103F-16F7-4668-BE54-9A1E7A4F7556}") = "Azure.Web.Hiker.ServiceFabricApplication.CrawlingAgent", "src\ServiceFabricApplication\Azure.Web.Hiker.ServiceFabricApplication.CrawlingAgent\Azure.Web.Hiker.ServiceFabricApplication.CrawlingAgent.csproj", "{BC8935C5-F506-449F-9EEC-99CC4D31CD65}"
EndProject
Project("{9A19103F-16F7-4668-BE54-9A1E7A4F7556}") = "Azure.Web.Hiker.Tests.Core", "tests\Azure.Web.Hiker.Tests.Core\Azure.Web.Hiker.Tests.Core.csproj", "{CF76DB3C-9A58-4CBA-910A-7BF53B9715DB}"
EndProject
Project("{2150E333-8FDC-42A3-9474-1A3956D46DE8}") = "CrawlingEngine", "CrawlingEngine", "{3A3765D0-3E42-4017-9342-31D5647BE29D}"
EndProject
Project("{9A19103F-16F7-4668-BE54-9A1E7A4F7556}") = "Azure.Web.Hiker.Core.CrawlingEngine", "src\Core\CrawlingEngine\Azure.Web.Hiker.Core.CrawlingEngine\Azure.Web.Hiker.Core.CrawlingEngine.csproj", "{13C1706D-2EDB-45E5-8D80-80BBA13258CF}"
EndProject
Project("{2150E333-8FDC-42A3-9474-1A3956D46DE8}") = "AgentRegistrar", "AgentRegistrar", "{03D47931-E30E-42D9-8BDA-A6613D661B5C}"
EndProject
Project("{9A19103F-16F7-4668-BE54-9A1E7A4F7556}") = "Azure.Web.Hiker.Core.AgentRegistrar", "src\Core\AgentRegistrar\Azure.Web.Hiker.Core.AgentRegistrar\Azure.Web.Hiker.Core.AgentRegistrar.csproj", "{6A9FE986-FEDC-4AAB-B1DA-5074BEA111E8}"
EndProject
Project("{2150E333-8FDC-42A3-9474-1A3956D46DE8}") = "Common", "Common", "{752313EC-41CA-4C58-8960-F792059A5391}"
EndProject
Project("{9A19103F-16F7-4668-BE54-9A1E7A4F7556}") = "Azure.Web.Hiker.Core.Common", "src\Core\Common\Azure.Web.Hiker.Core.Common\Azure.Web.Hiker.Core.Common.csproj", "{CADABAA3-1D7C-4B53-818E-D98D3ECB46B7}"
EndProject
Project("{2150E333-8FDC-42A3-9474-1A3956D46DE8}") = "CrawlingAgent", "CrawlingAgent", "{E5499A1B-83A8-46C0-B8BF-0D7F72BD89B3}"
EndProject
Project("{9A19103F-16F7-4668-BE54-9A1E7A4F7556}") = "Azure.Web.Hiker.Core.CrawlingAgent", "src\Core\CrawlingAgent\Azure.Web.Hiker.Core.CrawlingAgent\Azure.Web.Hiker.Core.CrawlingAgent.csproj", "{89C7B4D7-9283-49FE-A388-52014F4F6736}"
EndProject
Project("{2150E333-8FDC-42A3-9474-1A3956D46DE8}") = "Infrastructure", "Infrastructure", "{ECAB5AD4-2FEF-4AD7-AACB-409BD2D29DD6}"
EndProject
Project("{9A19103F-16F7-4668-BE54-9A1E7A4F7556}") = "Azure.Web.Hiker.Infrastructure.ServiceBusClient", "src\Infrastructure\AzureServiceBusCommunication\Azure.Web.Hiker.Infrastructure.ServiceBusClient\Azure.Web.Hiker.Infrastructure.ServiceBusClient.csproj", "{D0E3FD7A-5F82-4376-88D0-A20D512D089F}"
EndProject
Project("{9A19103F-16F7-4668-BE54-9A1E7A4F7556}") = "Azure.Web.Hiker.Infrastructure.ServiceFabric", "src\Infrastructure\ServiceFabric\Azure.Web.Hiker.Infrastructure.ServiceFabric\Azure.Web.Hiker.Infrastructure.ServiceFabric.csproj", "{2504C3CC-C1BA-4F46-BE7B-D2263877EA08}"
EndProject
Project("{9A19103F-16F7-4668-BE54-9A1E7A4F7556}") = "Azure.Web.Hiker.Infrastructure.Persistence.AzureStorageTable", "src\Infrastructure\Persistence\Azure.Web.Hiker.Infrastructure.Persistence.AzureStorageTable\Azure.Web.Hiker.Infrastructure.Persistence.AzureStorageTable.csproj", "{C3070DDF-6B7F-411C-BD6F-AFD5F625A508}"
EndProject
Project("{2150E333-8FDC-42A3-9474-1A3956D46DE8}") = "IndexStorage", "IndexStorage", "{343DA63D-1650-4598-BFF2-3B3CCAC0D43F}"
EndProject
Project("{9A19103F-16F7-4668-BE54-9A1E7A4F7556}") = "Azure.Web.Hiker.Core.CrawlingAgent.IndexStorage", "src\Core\IndexStorage\Azure.Web.Hiker.Core.IndexStorage\Azure.Web.Hiker.Core.CrawlingAgent.IndexStorage.csproj", "{98F5708B-3076-462B-8708-B013B7BEF0E4}"
EndProject
Project("{9A19103F-16F7-4668-BE54-9A1E7A4F7556}") = "Azure.Web.Hiker.Infrastructure.Abot2Crawler", "src\Infrastructure\Azure.Web.Hiker.Infrastructure.Abot2Crawler\Azure.Web.Hiker.Infrastructure.Abot2Crawler.csproj", "{03534BE0-9BCE-49B9-A852-C47CB298E877}"
EndProject
Project("{9A19103F-16F7-4668-BE54-9A1E7A4F7556}") = "Azure.Web.Hiker.Infrastructure.ApplicationInsightsTracker", "src\Infrastructure\Azure.Web.Hiker.Infrastructure.ApplicationInsightsTracker\Azure.Web.Hiker.Infrastructure.ApplicationInsightsTracker.csproj", "{DE36D120-08B3-436F-9D81-2A28F34B6D9C}"
EndProject
Project("{9A19103F-16F7-4668-BE54-9A1E7A4F7556}") = "ConsoleApp2", "ConsoleApp2\ConsoleApp2.csproj", "{6CF8114A-D1A6-4EC1-B923-9D32D7CA9734}"
EndProject
Project("{2150E333-8FDC-42A3-9474-1A3956D46DE8}") = "RenderingAgent", "RenderingAgent", "{25A6BBCF-7179-4902-ACC6-75A9B5D5B69E}"
EndProject
Project("{FAE04EC0-301F-11D3-BF4B-00C04F79EFBC}") = "Azure.Web.Hiker.Core.RenderingAgent", "src\Core\RenderingAgent\Azure.Web.Hiker.Core.RenderingAgent\Azure.Web.Hiker.Core.RenderingAgent.csproj", "{0C22DC77-CF17-4665-8883-D4992931FF45}"
EndProject
Project("{FAE04EC0-301F-11D3-BF4B-00C04F79EFBC}") = "Azure.Web.Hiker.Infrastructure.PuppeteerRenderer", "src\Infrastructure\PuppeteerRenderer\Azure.Web.Hiker.Infrastructure.PuppeteerRenderer\Azure.Web.Hiker.Infrastructure.PuppeteerRenderer.csproj", "{E849B474-C606-441A-BE08-0FFB30448DE0}"
EndProject
Project("{FAE04EC0-301F-11D3-BF4B-00C04F79EFBC}") = "RenderAgent", "src\ServiceFabricApplication\RenderAgent\RenderAgent.csproj", "{ED7F7CD2-1916-4BC5-B332-9FF2CAE4D723}"
EndProject
Global
	GlobalSection(SolutionConfigurationPlatforms) = preSolution
		Debug|Any CPU = Debug|Any CPU
		Debug|x64 = Debug|x64
		Release|Any CPU = Release|Any CPU
		Release|x64 = Release|x64
	EndGlobalSection
	GlobalSection(ProjectConfigurationPlatforms) = postSolution
		{0A1A7D90-8FBE-4B18-A6D2-61E7969E6F2A}.Debug|Any CPU.ActiveCfg = Debug|Any CPU
		{0A1A7D90-8FBE-4B18-A6D2-61E7969E6F2A}.Debug|Any CPU.Build.0 = Debug|Any CPU
		{0A1A7D90-8FBE-4B18-A6D2-61E7969E6F2A}.Debug|x64.ActiveCfg = Debug|Any CPU
		{0A1A7D90-8FBE-4B18-A6D2-61E7969E6F2A}.Debug|x64.Build.0 = Debug|Any CPU
		{0A1A7D90-8FBE-4B18-A6D2-61E7969E6F2A}.Release|Any CPU.ActiveCfg = Release|Any CPU
		{0A1A7D90-8FBE-4B18-A6D2-61E7969E6F2A}.Release|Any CPU.Build.0 = Release|Any CPU
		{0A1A7D90-8FBE-4B18-A6D2-61E7969E6F2A}.Release|x64.ActiveCfg = Release|Any CPU
		{0A1A7D90-8FBE-4B18-A6D2-61E7969E6F2A}.Release|x64.Build.0 = Release|Any CPU
		{BD25FB42-3250-4A46-AD57-7A73644AE81E}.Debug|Any CPU.ActiveCfg = Debug|Any CPU
		{BD25FB42-3250-4A46-AD57-7A73644AE81E}.Debug|Any CPU.Build.0 = Debug|Any CPU
		{BD25FB42-3250-4A46-AD57-7A73644AE81E}.Debug|x64.ActiveCfg = Debug|Any CPU
		{BD25FB42-3250-4A46-AD57-7A73644AE81E}.Debug|x64.Build.0 = Debug|Any CPU
		{BD25FB42-3250-4A46-AD57-7A73644AE81E}.Release|Any CPU.ActiveCfg = Release|Any CPU
		{BD25FB42-3250-4A46-AD57-7A73644AE81E}.Release|Any CPU.Build.0 = Release|Any CPU
		{BD25FB42-3250-4A46-AD57-7A73644AE81E}.Release|x64.ActiveCfg = Release|Any CPU
		{BD25FB42-3250-4A46-AD57-7A73644AE81E}.Release|x64.Build.0 = Release|Any CPU
		{5F4DC7B8-2F99-4312-93B7-10B0A1798724}.Debug|Any CPU.ActiveCfg = Debug|x64
		{5F4DC7B8-2F99-4312-93B7-10B0A1798724}.Debug|Any CPU.Build.0 = Debug|x64
		{5F4DC7B8-2F99-4312-93B7-10B0A1798724}.Debug|Any CPU.Deploy.0 = Debug|x64
		{5F4DC7B8-2F99-4312-93B7-10B0A1798724}.Debug|x64.ActiveCfg = Debug|x64
		{5F4DC7B8-2F99-4312-93B7-10B0A1798724}.Debug|x64.Build.0 = Debug|x64
		{5F4DC7B8-2F99-4312-93B7-10B0A1798724}.Debug|x64.Deploy.0 = Debug|x64
		{5F4DC7B8-2F99-4312-93B7-10B0A1798724}.Release|Any CPU.ActiveCfg = Release|x64
		{5F4DC7B8-2F99-4312-93B7-10B0A1798724}.Release|x64.ActiveCfg = Release|x64
		{5F4DC7B8-2F99-4312-93B7-10B0A1798724}.Release|x64.Build.0 = Release|x64
		{5F4DC7B8-2F99-4312-93B7-10B0A1798724}.Release|x64.Deploy.0 = Release|x64
		{1DD10155-A941-4B6E-B12D-CB1962E12831}.Debug|Any CPU.ActiveCfg = Debug|Any CPU
		{1DD10155-A941-4B6E-B12D-CB1962E12831}.Debug|Any CPU.Build.0 = Debug|Any CPU
		{1DD10155-A941-4B6E-B12D-CB1962E12831}.Debug|x64.ActiveCfg = Debug|Any CPU
		{1DD10155-A941-4B6E-B12D-CB1962E12831}.Debug|x64.Build.0 = Debug|Any CPU
		{1DD10155-A941-4B6E-B12D-CB1962E12831}.Release|Any CPU.ActiveCfg = Release|Any CPU
		{1DD10155-A941-4B6E-B12D-CB1962E12831}.Release|Any CPU.Build.0 = Release|Any CPU
		{1DD10155-A941-4B6E-B12D-CB1962E12831}.Release|x64.ActiveCfg = Release|Any CPU
		{1DD10155-A941-4B6E-B12D-CB1962E12831}.Release|x64.Build.0 = Release|Any CPU
		{7C98017E-F1CD-4440-BF9D-2ED796C50647}.Debug|Any CPU.ActiveCfg = Debug|Any CPU
		{7C98017E-F1CD-4440-BF9D-2ED796C50647}.Debug|Any CPU.Build.0 = Debug|Any CPU
		{7C98017E-F1CD-4440-BF9D-2ED796C50647}.Debug|x64.ActiveCfg = Debug|Any CPU
		{7C98017E-F1CD-4440-BF9D-2ED796C50647}.Debug|x64.Build.0 = Debug|Any CPU
		{7C98017E-F1CD-4440-BF9D-2ED796C50647}.Release|Any CPU.ActiveCfg = Release|Any CPU
		{7C98017E-F1CD-4440-BF9D-2ED796C50647}.Release|Any CPU.Build.0 = Release|Any CPU
		{7C98017E-F1CD-4440-BF9D-2ED796C50647}.Release|x64.ActiveCfg = Release|Any CPU
		{7C98017E-F1CD-4440-BF9D-2ED796C50647}.Release|x64.Build.0 = Release|Any CPU
		{BC8935C5-F506-449F-9EEC-99CC4D31CD65}.Debug|Any CPU.ActiveCfg = Debug|Any CPU
		{BC8935C5-F506-449F-9EEC-99CC4D31CD65}.Debug|Any CPU.Build.0 = Debug|Any CPU
		{BC8935C5-F506-449F-9EEC-99CC4D31CD65}.Debug|x64.ActiveCfg = Debug|Any CPU
		{BC8935C5-F506-449F-9EEC-99CC4D31CD65}.Debug|x64.Build.0 = Debug|Any CPU
		{BC8935C5-F506-449F-9EEC-99CC4D31CD65}.Release|Any CPU.ActiveCfg = Release|Any CPU
		{BC8935C5-F506-449F-9EEC-99CC4D31CD65}.Release|Any CPU.Build.0 = Release|Any CPU
		{BC8935C5-F506-449F-9EEC-99CC4D31CD65}.Release|x64.ActiveCfg = Release|Any CPU
		{BC8935C5-F506-449F-9EEC-99CC4D31CD65}.Release|x64.Build.0 = Release|Any CPU
		{CF76DB3C-9A58-4CBA-910A-7BF53B9715DB}.Debug|Any CPU.ActiveCfg = Debug|Any CPU
		{CF76DB3C-9A58-4CBA-910A-7BF53B9715DB}.Debug|Any CPU.Build.0 = Debug|Any CPU
		{CF76DB3C-9A58-4CBA-910A-7BF53B9715DB}.Debug|x64.ActiveCfg = Debug|Any CPU
		{CF76DB3C-9A58-4CBA-910A-7BF53B9715DB}.Debug|x64.Build.0 = Debug|Any CPU
		{CF76DB3C-9A58-4CBA-910A-7BF53B9715DB}.Release|Any CPU.ActiveCfg = Release|Any CPU
		{CF76DB3C-9A58-4CBA-910A-7BF53B9715DB}.Release|Any CPU.Build.0 = Release|Any CPU
		{CF76DB3C-9A58-4CBA-910A-7BF53B9715DB}.Release|x64.ActiveCfg = Release|Any CPU
		{CF76DB3C-9A58-4CBA-910A-7BF53B9715DB}.Release|x64.Build.0 = Release|Any CPU
		{13C1706D-2EDB-45E5-8D80-80BBA13258CF}.Debug|Any CPU.ActiveCfg = Debug|Any CPU
		{13C1706D-2EDB-45E5-8D80-80BBA13258CF}.Debug|Any CPU.Build.0 = Debug|Any CPU
		{13C1706D-2EDB-45E5-8D80-80BBA13258CF}.Debug|x64.ActiveCfg = Debug|Any CPU
		{13C1706D-2EDB-45E5-8D80-80BBA13258CF}.Debug|x64.Build.0 = Debug|Any CPU
		{13C1706D-2EDB-45E5-8D80-80BBA13258CF}.Release|Any CPU.ActiveCfg = Release|Any CPU
		{13C1706D-2EDB-45E5-8D80-80BBA13258CF}.Release|Any CPU.Build.0 = Release|Any CPU
		{13C1706D-2EDB-45E5-8D80-80BBA13258CF}.Release|x64.ActiveCfg = Release|Any CPU
		{13C1706D-2EDB-45E5-8D80-80BBA13258CF}.Release|x64.Build.0 = Release|Any CPU
		{6A9FE986-FEDC-4AAB-B1DA-5074BEA111E8}.Debug|Any CPU.ActiveCfg = Debug|Any CPU
		{6A9FE986-FEDC-4AAB-B1DA-5074BEA111E8}.Debug|Any CPU.Build.0 = Debug|Any CPU
		{6A9FE986-FEDC-4AAB-B1DA-5074BEA111E8}.Debug|x64.ActiveCfg = Debug|Any CPU
		{6A9FE986-FEDC-4AAB-B1DA-5074BEA111E8}.Debug|x64.Build.0 = Debug|Any CPU
		{6A9FE986-FEDC-4AAB-B1DA-5074BEA111E8}.Release|Any CPU.ActiveCfg = Release|Any CPU
		{6A9FE986-FEDC-4AAB-B1DA-5074BEA111E8}.Release|Any CPU.Build.0 = Release|Any CPU
		{6A9FE986-FEDC-4AAB-B1DA-5074BEA111E8}.Release|x64.ActiveCfg = Release|Any CPU
		{6A9FE986-FEDC-4AAB-B1DA-5074BEA111E8}.Release|x64.Build.0 = Release|Any CPU
		{CADABAA3-1D7C-4B53-818E-D98D3ECB46B7}.Debug|Any CPU.ActiveCfg = Debug|Any CPU
		{CADABAA3-1D7C-4B53-818E-D98D3ECB46B7}.Debug|Any CPU.Build.0 = Debug|Any CPU
		{CADABAA3-1D7C-4B53-818E-D98D3ECB46B7}.Debug|x64.ActiveCfg = Debug|Any CPU
		{CADABAA3-1D7C-4B53-818E-D98D3ECB46B7}.Debug|x64.Build.0 = Debug|Any CPU
		{CADABAA3-1D7C-4B53-818E-D98D3ECB46B7}.Release|Any CPU.ActiveCfg = Release|Any CPU
		{CADABAA3-1D7C-4B53-818E-D98D3ECB46B7}.Release|Any CPU.Build.0 = Release|Any CPU
		{CADABAA3-1D7C-4B53-818E-D98D3ECB46B7}.Release|x64.ActiveCfg = Release|Any CPU
		{CADABAA3-1D7C-4B53-818E-D98D3ECB46B7}.Release|x64.Build.0 = Release|Any CPU
		{89C7B4D7-9283-49FE-A388-52014F4F6736}.Debug|Any CPU.ActiveCfg = Debug|Any CPU
		{89C7B4D7-9283-49FE-A388-52014F4F6736}.Debug|Any CPU.Build.0 = Debug|Any CPU
		{89C7B4D7-9283-49FE-A388-52014F4F6736}.Debug|x64.ActiveCfg = Debug|Any CPU
		{89C7B4D7-9283-49FE-A388-52014F4F6736}.Debug|x64.Build.0 = Debug|Any CPU
		{89C7B4D7-9283-49FE-A388-52014F4F6736}.Release|Any CPU.ActiveCfg = Release|Any CPU
		{89C7B4D7-9283-49FE-A388-52014F4F6736}.Release|Any CPU.Build.0 = Release|Any CPU
		{89C7B4D7-9283-49FE-A388-52014F4F6736}.Release|x64.ActiveCfg = Release|Any CPU
		{89C7B4D7-9283-49FE-A388-52014F4F6736}.Release|x64.Build.0 = Release|Any CPU
		{D0E3FD7A-5F82-4376-88D0-A20D512D089F}.Debug|Any CPU.ActiveCfg = Debug|Any CPU
		{D0E3FD7A-5F82-4376-88D0-A20D512D089F}.Debug|Any CPU.Build.0 = Debug|Any CPU
		{D0E3FD7A-5F82-4376-88D0-A20D512D089F}.Debug|x64.ActiveCfg = Debug|x64
		{D0E3FD7A-5F82-4376-88D0-A20D512D089F}.Debug|x64.Build.0 = Debug|x64
		{D0E3FD7A-5F82-4376-88D0-A20D512D089F}.Release|Any CPU.ActiveCfg = Release|Any CPU
		{D0E3FD7A-5F82-4376-88D0-A20D512D089F}.Release|Any CPU.Build.0 = Release|Any CPU
		{D0E3FD7A-5F82-4376-88D0-A20D512D089F}.Release|x64.ActiveCfg = Release|Any CPU
		{D0E3FD7A-5F82-4376-88D0-A20D512D089F}.Release|x64.Build.0 = Release|Any CPU
		{2504C3CC-C1BA-4F46-BE7B-D2263877EA08}.Debug|Any CPU.ActiveCfg = Debug|x64
		{2504C3CC-C1BA-4F46-BE7B-D2263877EA08}.Debug|Any CPU.Build.0 = Debug|x64
		{2504C3CC-C1BA-4F46-BE7B-D2263877EA08}.Debug|x64.ActiveCfg = Debug|Any CPU
		{2504C3CC-C1BA-4F46-BE7B-D2263877EA08}.Debug|x64.Build.0 = Debug|Any CPU
		{2504C3CC-C1BA-4F46-BE7B-D2263877EA08}.Release|Any CPU.ActiveCfg = Release|x64
		{2504C3CC-C1BA-4F46-BE7B-D2263877EA08}.Release|Any CPU.Build.0 = Release|x64
		{2504C3CC-C1BA-4F46-BE7B-D2263877EA08}.Release|x64.ActiveCfg = Release|x64
		{2504C3CC-C1BA-4F46-BE7B-D2263877EA08}.Release|x64.Build.0 = Release|x64
		{C3070DDF-6B7F-411C-BD6F-AFD5F625A508}.Debug|Any CPU.ActiveCfg = Debug|Any CPU
		{C3070DDF-6B7F-411C-BD6F-AFD5F625A508}.Debug|Any CPU.Build.0 = Debug|Any CPU
		{C3070DDF-6B7F-411C-BD6F-AFD5F625A508}.Debug|x64.ActiveCfg = Debug|Any CPU
		{C3070DDF-6B7F-411C-BD6F-AFD5F625A508}.Debug|x64.Build.0 = Debug|Any CPU
		{C3070DDF-6B7F-411C-BD6F-AFD5F625A508}.Release|Any CPU.ActiveCfg = Release|Any CPU
		{C3070DDF-6B7F-411C-BD6F-AFD5F625A508}.Release|Any CPU.Build.0 = Release|Any CPU
		{C3070DDF-6B7F-411C-BD6F-AFD5F625A508}.Release|x64.ActiveCfg = Release|Any CPU
		{C3070DDF-6B7F-411C-BD6F-AFD5F625A508}.Release|x64.Build.0 = Release|Any CPU
		{98F5708B-3076-462B-8708-B013B7BEF0E4}.Debug|Any CPU.ActiveCfg = Debug|Any CPU
		{98F5708B-3076-462B-8708-B013B7BEF0E4}.Debug|Any CPU.Build.0 = Debug|Any CPU
		{98F5708B-3076-462B-8708-B013B7BEF0E4}.Debug|x64.ActiveCfg = Debug|Any CPU
		{98F5708B-3076-462B-8708-B013B7BEF0E4}.Debug|x64.Build.0 = Debug|Any CPU
		{98F5708B-3076-462B-8708-B013B7BEF0E4}.Release|Any CPU.ActiveCfg = Release|Any CPU
		{98F5708B-3076-462B-8708-B013B7BEF0E4}.Release|Any CPU.Build.0 = Release|Any CPU
		{98F5708B-3076-462B-8708-B013B7BEF0E4}.Release|x64.ActiveCfg = Release|Any CPU
		{98F5708B-3076-462B-8708-B013B7BEF0E4}.Release|x64.Build.0 = Release|Any CPU
		{03534BE0-9BCE-49B9-A852-C47CB298E877}.Debug|Any CPU.ActiveCfg = Debug|Any CPU
		{03534BE0-9BCE-49B9-A852-C47CB298E877}.Debug|Any CPU.Build.0 = Debug|Any CPU
		{03534BE0-9BCE-49B9-A852-C47CB298E877}.Debug|x64.ActiveCfg = Debug|Any CPU
		{03534BE0-9BCE-49B9-A852-C47CB298E877}.Debug|x64.Build.0 = Debug|Any CPU
		{03534BE0-9BCE-49B9-A852-C47CB298E877}.Release|Any CPU.ActiveCfg = Release|Any CPU
		{03534BE0-9BCE-49B9-A852-C47CB298E877}.Release|Any CPU.Build.0 = Release|Any CPU
		{03534BE0-9BCE-49B9-A852-C47CB298E877}.Release|x64.ActiveCfg = Release|Any CPU
		{03534BE0-9BCE-49B9-A852-C47CB298E877}.Release|x64.Build.0 = Release|Any CPU
		{DE36D120-08B3-436F-9D81-2A28F34B6D9C}.Debug|Any CPU.ActiveCfg = Debug|Any CPU
		{DE36D120-08B3-436F-9D81-2A28F34B6D9C}.Debug|Any CPU.Build.0 = Debug|Any CPU
		{DE36D120-08B3-436F-9D81-2A28F34B6D9C}.Debug|x64.ActiveCfg = Debug|Any CPU
		{DE36D120-08B3-436F-9D81-2A28F34B6D9C}.Debug|x64.Build.0 = Debug|Any CPU
		{DE36D120-08B3-436F-9D81-2A28F34B6D9C}.Release|Any CPU.ActiveCfg = Release|Any CPU
		{DE36D120-08B3-436F-9D81-2A28F34B6D9C}.Release|Any CPU.Build.0 = Release|Any CPU
		{DE36D120-08B3-436F-9D81-2A28F34B6D9C}.Release|x64.ActiveCfg = Release|Any CPU
		{DE36D120-08B3-436F-9D81-2A28F34B6D9C}.Release|x64.Build.0 = Release|Any CPU
		{6CF8114A-D1A6-4EC1-B923-9D32D7CA9734}.Debug|Any CPU.ActiveCfg = Debug|Any CPU
		{6CF8114A-D1A6-4EC1-B923-9D32D7CA9734}.Debug|Any CPU.Build.0 = Debug|Any CPU
		{6CF8114A-D1A6-4EC1-B923-9D32D7CA9734}.Debug|x64.ActiveCfg = Debug|Any CPU
		{6CF8114A-D1A6-4EC1-B923-9D32D7CA9734}.Debug|x64.Build.0 = Debug|Any CPU
		{6CF8114A-D1A6-4EC1-B923-9D32D7CA9734}.Release|Any CPU.ActiveCfg = Release|Any CPU
		{6CF8114A-D1A6-4EC1-B923-9D32D7CA9734}.Release|Any CPU.Build.0 = Release|Any CPU
		{6CF8114A-D1A6-4EC1-B923-9D32D7CA9734}.Release|x64.ActiveCfg = Release|Any CPU
		{6CF8114A-D1A6-4EC1-B923-9D32D7CA9734}.Release|x64.Build.0 = Release|Any CPU
		{0C22DC77-CF17-4665-8883-D4992931FF45}.Debug|Any CPU.ActiveCfg = Debug|Any CPU
		{0C22DC77-CF17-4665-8883-D4992931FF45}.Debug|Any CPU.Build.0 = Debug|Any CPU
		{0C22DC77-CF17-4665-8883-D4992931FF45}.Debug|x64.ActiveCfg = Debug|Any CPU
		{0C22DC77-CF17-4665-8883-D4992931FF45}.Debug|x64.Build.0 = Debug|Any CPU
		{0C22DC77-CF17-4665-8883-D4992931FF45}.Release|Any CPU.ActiveCfg = Release|Any CPU
		{0C22DC77-CF17-4665-8883-D4992931FF45}.Release|Any CPU.Build.0 = Release|Any CPU
		{0C22DC77-CF17-4665-8883-D4992931FF45}.Release|x64.ActiveCfg = Release|Any CPU
		{0C22DC77-CF17-4665-8883-D4992931FF45}.Release|x64.Build.0 = Release|Any CPU
		{E849B474-C606-441A-BE08-0FFB30448DE0}.Debug|Any CPU.ActiveCfg = Debug|Any CPU
		{E849B474-C606-441A-BE08-0FFB30448DE0}.Debug|Any CPU.Build.0 = Debug|Any CPU
		{E849B474-C606-441A-BE08-0FFB30448DE0}.Debug|x64.ActiveCfg = Debug|Any CPU
		{E849B474-C606-441A-BE08-0FFB30448DE0}.Debug|x64.Build.0 = Debug|Any CPU
		{E849B474-C606-441A-BE08-0FFB30448DE0}.Release|Any CPU.ActiveCfg = Release|Any CPU
		{E849B474-C606-441A-BE08-0FFB30448DE0}.Release|Any CPU.Build.0 = Release|Any CPU
		{E849B474-C606-441A-BE08-0FFB30448DE0}.Release|x64.ActiveCfg = Release|Any CPU
		{E849B474-C606-441A-BE08-0FFB30448DE0}.Release|x64.Build.0 = Release|Any CPU
		{ED7F7CD2-1916-4BC5-B332-9FF2CAE4D723}.Debug|Any CPU.ActiveCfg = Debug|Any CPU
		{ED7F7CD2-1916-4BC5-B332-9FF2CAE4D723}.Debug|Any CPU.Build.0 = Debug|Any CPU
		{ED7F7CD2-1916-4BC5-B332-9FF2CAE4D723}.Debug|x64.ActiveCfg = Debug|Any CPU
		{ED7F7CD2-1916-4BC5-B332-9FF2CAE4D723}.Debug|x64.Build.0 = Debug|Any CPU
		{ED7F7CD2-1916-4BC5-B332-9FF2CAE4D723}.Release|Any CPU.ActiveCfg = Release|Any CPU
		{ED7F7CD2-1916-4BC5-B332-9FF2CAE4D723}.Release|Any CPU.Build.0 = Release|Any CPU
		{ED7F7CD2-1916-4BC5-B332-9FF2CAE4D723}.Release|x64.ActiveCfg = Release|Any CPU
		{ED7F7CD2-1916-4BC5-B332-9FF2CAE4D723}.Release|x64.Build.0 = Release|Any CPU
	EndGlobalSection
	GlobalSection(SolutionProperties) = preSolution
		HideSolutionNode = FALSE
	EndGlobalSection
	GlobalSection(NestedProjects) = preSolution
		{8921F9B5-87EA-4D98-9119-76C1C6CBAEE7} = {D38B0B25-F916-4A4C-918E-F1834D759E3A}
		{0A1A7D90-8FBE-4B18-A6D2-61E7969E6F2A} = {8921F9B5-87EA-4D98-9119-76C1C6CBAEE7}
		{537AD26A-E252-41D6-976A-3BBB5D2DF7B1} = {8921F9B5-87EA-4D98-9119-76C1C6CBAEE7}
		{BD25FB42-3250-4A46-AD57-7A73644AE81E} = {537AD26A-E252-41D6-976A-3BBB5D2DF7B1}
		{D33DEBD3-B875-45CC-8E79-2391E32ED792} = {EEE603DF-657B-44C3-8699-7331E4310172}
		{5F4DC7B8-2F99-4312-93B7-10B0A1798724} = {D33DEBD3-B875-45CC-8E79-2391E32ED792}
		{1DD10155-A941-4B6E-B12D-CB1962E12831} = {D33DEBD3-B875-45CC-8E79-2391E32ED792}
		{D38B0B25-F916-4A4C-918E-F1834D759E3A} = {EEE603DF-657B-44C3-8699-7331E4310172}
		{0CF5924E-870F-4C78-893A-03E35E7DA70A} = {ECAB5AD4-2FEF-4AD7-AACB-409BD2D29DD6}
		{7C98017E-F1CD-4440-BF9D-2ED796C50647} = {0CF5924E-870F-4C78-893A-03E35E7DA70A}
		{BC8935C5-F506-449F-9EEC-99CC4D31CD65} = {D33DEBD3-B875-45CC-8E79-2391E32ED792}
		{CF76DB3C-9A58-4CBA-910A-7BF53B9715DB} = {A6B99B2A-7473-4EF3-B62C-BFF54924AE8C}
		{3A3765D0-3E42-4017-9342-31D5647BE29D} = {D38B0B25-F916-4A4C-918E-F1834D759E3A}
		{13C1706D-2EDB-45E5-8D80-80BBA13258CF} = {3A3765D0-3E42-4017-9342-31D5647BE29D}
		{03D47931-E30E-42D9-8BDA-A6613D661B5C} = {D38B0B25-F916-4A4C-918E-F1834D759E3A}
		{6A9FE986-FEDC-4AAB-B1DA-5074BEA111E8} = {03D47931-E30E-42D9-8BDA-A6613D661B5C}
		{752313EC-41CA-4C58-8960-F792059A5391} = {D38B0B25-F916-4A4C-918E-F1834D759E3A}
		{CADABAA3-1D7C-4B53-818E-D98D3ECB46B7} = {752313EC-41CA-4C58-8960-F792059A5391}
		{E5499A1B-83A8-46C0-B8BF-0D7F72BD89B3} = {D38B0B25-F916-4A4C-918E-F1834D759E3A}
		{89C7B4D7-9283-49FE-A388-52014F4F6736} = {E5499A1B-83A8-46C0-B8BF-0D7F72BD89B3}
		{ECAB5AD4-2FEF-4AD7-AACB-409BD2D29DD6} = {EEE603DF-657B-44C3-8699-7331E4310172}
		{D0E3FD7A-5F82-4376-88D0-A20D512D089F} = {ECAB5AD4-2FEF-4AD7-AACB-409BD2D29DD6}
		{2504C3CC-C1BA-4F46-BE7B-D2263877EA08} = {ECAB5AD4-2FEF-4AD7-AACB-409BD2D29DD6}
		{C3070DDF-6B7F-411C-BD6F-AFD5F625A508} = {0CF5924E-870F-4C78-893A-03E35E7DA70A}
		{343DA63D-1650-4598-BFF2-3B3CCAC0D43F} = {E5499A1B-83A8-46C0-B8BF-0D7F72BD89B3}
		{98F5708B-3076-462B-8708-B013B7BEF0E4} = {343DA63D-1650-4598-BFF2-3B3CCAC0D43F}
		{03534BE0-9BCE-49B9-A852-C47CB298E877} = {ECAB5AD4-2FEF-4AD7-AACB-409BD2D29DD6}
		{DE36D120-08B3-436F-9D81-2A28F34B6D9C} = {ECAB5AD4-2FEF-4AD7-AACB-409BD2D29DD6}
		{25A6BBCF-7179-4902-ACC6-75A9B5D5B69E} = {D38B0B25-F916-4A4C-918E-F1834D759E3A}
		{0C22DC77-CF17-4665-8883-D4992931FF45} = {25A6BBCF-7179-4902-ACC6-75A9B5D5B69E}
		{E849B474-C606-441A-BE08-0FFB30448DE0} = {ECAB5AD4-2FEF-4AD7-AACB-409BD2D29DD6}
		{ED7F7CD2-1916-4BC5-B332-9FF2CAE4D723} = {D33DEBD3-B875-45CC-8E79-2391E32ED792}
	EndGlobalSection
	GlobalSection(ExtensibilityGlobals) = postSolution
		SolutionGuid = {3641BBA2-8F8A-45CC-A2AC-B065ECDE4503}
	EndGlobalSection
EndGlobal
